# @generated - this file is auto-generated by `mise lock` https://mise.en.dev/dev-tools/mise-lock.html

[[tools."aqua:superfly/flyctl"]]
version = "0.4.41"
backend = "aqua:superfly/flyctl"

[tools."aqua:superfly/flyctl"."platforms.linux-arm64"]
checksum = "sha256:24d42992717e8aab9871927b881ed9bcc963dfb2db761de4f1e735841b6836dd"
url = "https://github.com/superfly/flyctl/releases/download/v0.4.41/flyctl_0.4.41_Linux_arm64.tar.gz"

[tools."aqua:superfly/flyctl"."platforms.linux-arm64-musl"]
checksum = "sha256:24d42992717e8aab9871927b881ed9bcc963dfb2db761de4f1e735841b6836dd"
url = "https://github.com/superfly/flyctl/releases/download/v0.4.41/flyctl_0.4.41_Linux_arm64.tar.gz"

[tools."aqua:superfly/flyctl"."platforms.linux-x64"]
checksum = "sha256:1172d500ac4e9f01e9057bd6f3b1fbcefa12e415e93d388f27a955dfaa81b939"
url = "https://github.com/superfly/flyctl/releases/download/v0.4.41/flyctl_0.4.41_Linux_x86_64.tar.gz"

[tools."aqua:superfly/flyctl"."platforms.linux-x64-musl"]
checksum = "sha256:1172d500ac4e9f01e9057bd6f3b1fbcefa12e415e93d388f27a955dfaa81b939"
url = "https://github.com/superfly/flyctl/releases/download/v0.4.41/flyctl_0.4.41_Linux_x86_64.tar.gz"

[tools."aqua:superfly/flyctl"."platforms.macos-arm64"]
checksum = "sha256:38d869d4a1e8c4afd76df00a42878028199bf8ce89dfdf59b61631c259adc651"
url = "https://github.com/superfly/flyctl/releases/download/v0.4.41/flyctl_0.4.41_macOS_arm64.tar.gz"

[tools."aqua:superfly/flyctl"."platforms.macos-x64"]
checksum = "sha256:89178ae164731efdb1e3328bb11fc82aa1f9f2fbef2acecfdffba5cabbc057bd"
url = "https://github.com/superfly/flyctl/releases/download/v0.4.41/flyctl_0.4.41_macOS_x86_64.tar.gz"

[tools."aqua:superfly/flyctl"."platforms.windows-x64"]
checksum = "sha256:4eadd2e628ec2b60495799276b5f0c57af4442ae6334bcf07293293aee3826d0"
url = "https://github.com/superfly/flyctl/releases/download/v0.4.41/flyctl_0.4.41_Windows_x86_64.zip"

[[tools.node]]
version = "22.22.0"
backend = "core:node"

[tools.node."platforms.linux-arm64"]
checksum = "sha256:25ba95dfb96871fa2ef977f11f95ea90818c8fa15c0f2110771db08d4ba423be"
url = "https://nodejs.org/dist/v22.22.0/node-v22.22.0-linux-arm64.tar.gz"

[tools.node."platforms.linux-arm64-musl"]
checksum = "sha256:25ba95dfb96871fa2ef977f11f95ea90818c8fa15c0f2110771db08d4ba423be"
url = "https://nodejs.org/dist/v22.22.0/node-v22.22.0-linux-arm64.tar.gz"

[tools.node."platforms.linux-x64"]
checksum = "sha256:c33c39ed9c80deddde77c960d00119918b9e352426fd604ba41638d6526a4744"
url = "https://nodejs.org/dist/v22.22.0/node-v22.22.0-linux-x64.tar.gz"

[tools.node."platforms.linux-x64-musl"]
checksum = "sha256:c33c39ed9c80deddde77c960d00119918b9e352426fd604ba41638d6526a4744"
url = "https://nodejs.org/dist/v22.22.0/node-v22.22.0-linux-x64.tar.gz"

[tools.node."platforms.macos-arm64"]
checksum = "sha256:5ed4db0fcf1eaf84d91ad12462631d73bf4576c1377e192d222e48026a902640"
url = "https://nodejs.org/dist/v22.22.0/node-v22.22.0-darwin-arm64.tar.gz"

[tools.node."platforms.macos-x64"]
checksum = "sha256:5ea50c9d6dea3dfa3abb66b2656f7a4e1c8cef23432b558d45fb538c7b5dedce"
url = "https://nodejs.org/dist/v22.22.0/node-v22.22.0-darwin-x64.tar.gz"

[tools.node."platforms.windows-x64"]
checksum = "sha256:c97fa376d2becdc8863fcd3ca2dd9a83a9f3468ee7ccf7a6d076ec66a645c77a"
url = "https://nodejs.org/dist/v22.22.0/node-v22.22.0-win-x64.zip"

[[tools."npm:wrangler"]]
version = "4.70.0"
backend = "npm:wrangler"

[[tools.python]]
version = "3.14.3"
backend = "core:python"

[tools.python."platforms.linux-arm64"]
checksum = "sha256:c4a5cc7681da3ed2066194f6fac24207a764db38f23fc5a2b1b56671ee3142d6"
url = "https://github.com/astral-sh/python-build-standalone/releases/download/20260320/cpython-3.14.3+20260320-aarch64-unknown-linux-gnu-install_only_stripped.tar.gz"

[tools.python."platforms.linux-arm64-musl"]
checksum = "sha256:c4a5cc7681da3ed2066194f6fac24207a764db38f23fc5a2b1b56671ee3142d6"
url = "https://github.com/astral-sh/python-build-standalone/releases/download/20260320/cpython-3.14.3+20260320-aarch64-unknown-linux-gnu-install_only_stripped.tar.gz"

[tools.python."platforms.linux-x64"]
checksum = "sha256:bc35984c271adb7b0d2f730eced89fbbb96246c4d716c415e4af7ed686627831"
url = "https://github.com/astral-sh/python-build-standalone/releases/download/20260320/cpython-3.14.3+20260320-x86_64-unknown-linux-gnu-install_only_stripped.tar.gz"

[tools.python."platforms.linux-x64-musl"]
checksum = "sha256:bc35984c271adb7b0d2f730eced89fbbb96246c4d716c415e4af7ed686627831"
url = "https://github.com/astral-sh/python-build-standalone/releases/download/20260320/cpython-3.14.3+20260320-x86_64-unknown-linux-gnu-install_only_stripped.tar.gz"

[tools.python."platforms.macos-arm64"]
checksum = "sha256:f9b4a94d2d62ca77e08873b861b8cd989eda922ad3c3eafd2dfad57375e6ae61"
url = "https://github.com/astral-sh/python-build-standalone/releases/download/20260320/cpython-3.14.3+20260320-aarch64-apple-darwin-install_only_stripped.tar.gz"

[tools.python."platforms.macos-x64"]
checksum = "sha256:cb8d27660e0575d33c6828c4f73c891a005d8cfade8941d889fd0efd0ff031dc"
url = "https://github.com/astral-sh/python-build-standalone/releases/download/20260320/cpython-3.14.3+20260320-x86_64-apple-darwin-install_only_stripped.tar.gz"

[tools.python."platforms.windows-x64"]
checksum = "sha256:2223000d2dcce0f50a8feddb8a8391ec6e5534f6f7169e10004a11ce9b438ed3"
url = "https://github.com/astral-sh/python-build-standalone/releases/download/20260320/cpython-3.14.3+20260320-x86_64-pc-windows-msvc-install_only_stripped.tar.gz"
